
Microsoft Visual Studio Solution File, Format Version 12.00
# Visual Studio Version 16
VisualStudioVersion = 16.0.29911.84
MinimumVisualStudioVersion = 10.0.40219.1
Project("{FAE04EC0-301F-11D3-BF4B-00C04F79EFBC}") = "modelFirst", "modelFirst.csproj", "{EFE9691B-6155-4368-BF5B-F68B925DA1C8}"
EndProject
Global
	GlobalSection(SolutionConfigurationPlatforms) = preSolution
		Debug|Any CPU = Debug|Any CPU
		Release|Any CPU = Release|Any CPU
	EndGlobalSection
	GlobalSection(ProjectConfigurationPlatforms) = postSolution
		{EFE9691B-6155-4368-BF5B-F68B925DA1C8}.Debug|Any CPU.ActiveCfg = Debug|Any CPU
		{EFE9691B-6155-4368-BF5B-F68B925DA1C8}.Debug|Any CPU.Build.0 = Debug|Any CPU
		{EFE9691B-6155-4368-BF5B-F68B925DA1C8}.Release|Any CPU.ActiveCfg = Release|Any CPU
		{EFE9691B-6155-4368-BF5B-F68B925DA1C8}.Release|Any CPU.Build.0 = Release|Any CPU
	EndGlobalSection
	GlobalSection(SolutionProperties) = preSolution
		HideSolutionNode = FALSE
	EndGlobalSection
	GlobalSection(ExtensibilityGlobals) = postSolution
		SolutionGuid = {90AAB0A1-14E1-4A61-A30D-2FA022137828}
	EndGlobalSection
EndGlobal
